{
  "nodes": {
    "home-manager": {
      "inputs": {
        "nixpkgs": [
          "nixpkgs"
        ]
      },
      "locked": {
        "lastModified": 1750798083,
        "narHash": "sha256-DTCCcp6WCFaYXWKFRA6fiI2zlvOLCf5Vwx8+/0R8Wc4=",
        "owner": "nix-community",
        "repo": "home-manager",
        "rev": "ff31a4677c1a8ae506aa7e003a3dba08cb203f82",
        "type": "github"
      },
      "original": {
        "owner": "nix-community",
        "repo": "home-manager",
        "type": "github"
      }
    },
    "impurity": {
      "locked": {
        "lastModified": 1689836741,
        "narHash": "sha256-82KeRg2sAqDXCdzVs8P8GoqVaPsZjkWgrfsj6kgOLTY=",
        "owner": "outfoxxed",
        "repo": "impurity.nix",
        "rev": "bbc41b69ab5485cd55aa315d08cff865781d3913",
        "type": "github"
      },
      "original": {
        "owner": "outfoxxed",
        "repo": "impurity.nix",
        "type": "github"
      }
    },
    "nixpkgs": {
      "locked": {
        "lastModified": 1750731501,
        "narHash": "sha256-Ah4qq+SbwMaGkuXCibyg+Fwn00el4KmI3XFX6htfDuk=",
        "owner": "nixos",
        "repo": "nixpkgs",
        "rev": "69dfebb3d175bde602f612915c5576a41b18486b",
        "type": "github"
      },
      "original": {
        "owner": "nixos",
        "ref": "nixpkgs-unstable",
        "repo": "nixpkgs",
        "type": "github"
      }
    },
    "root": {
      "inputs": {
        "home-manager": "home-manager",
        "impurity": "impurity",
        "nixpkgs": "nixpkgs",
        "rust-overlay": "rust-overlay",
        "sops-nix": "sops-nix"
      }
    },
    "rust-overlay": {
      "inputs": {
        "nixpkgs": [
          "nixpkgs"
        ]
      },
      "locked": {
        "lastModified": 1750819193,
        "narHash": "sha256-XvkupGPZqD54HuKhN/2WhbKjAHeTl1UEnWspzUzRFfA=",
        "owner": "oxalica",
        "repo": "rust-overlay",
        "rev": "1ba3b9c59b68a4b00156827ad46393127b51b808",
        "type": "github"
      },
      "original": {
        "owner": "oxalica",
        "repo": "rust-overlay",
        "type": "github"
      }
    },
    "sops-nix": {
      "inputs": {
        "nixpkgs": [
          "nixpkgs"
        ]
      },
      "locked": {
        "lastModified": 1750119275,
        "narHash": "sha256-Rr7Pooz9zQbhdVxux16h7URa6mA80Pb/G07T4lHvh0M=",
        "owner": "Mic92",
        "repo": "sops-nix",
        "rev": "77c423a03b9b2b79709ea2cb63336312e78b72e2",
        "type": "github"
      },
      "original": {
        "owner": "Mic92",
        "repo": "sops-nix",
        "type": "github"
      }
    }
  },
  "root": "root",
  "version": 7
}
